{
  "name": "ang",
  "version": "1.0.0",
  "lockfileVersion": 1,
  "requires": true,
  "dependencies": {
    "angular-animate": {
      "version": "1.5.5",
      "resolved": "http://registry.npm.taobao.org/angular-animate/download/angular-animate-1.5.5.tgz",
      "integrity": "sha1-ZkG6UX03uBWFeNmReOHppr7Rm3U="
    }
  }
}
